
Microsoft Visual Studio Solution File, Format Version 12.00
# Visual Studio Version 16
VisualStudioVersion = 16.0.30104.148
MinimumVisualStudioVersion = 10.0.40219.1
Project("{FAE04EC0-301F-11D3-BF4B-00C04F79EFBC}") = "BugStore", "BugStore\BugStore.csproj", "{AAA63905-F7A3-45E8-9DC1-1060D08894D5}"
EndProject
Global
	GlobalSection(SolutionConfigurationPlatforms) = preSolution
		Debug|Any CPU = Debug|Any CPU
		Release|Any CPU = Release|Any CPU
	EndGlobalSection
	GlobalSection(ProjectConfigurationPlatforms) = postSolution
		{AAA63905-F7A3-45E8-9DC1-1060D08894D5}.Debug|Any CPU.ActiveCfg = Debug|Any CPU
		{AAA63905-F7A3-45E8-9DC1-1060D08894D5}.Debug|Any CPU.Build.0 = Debug|Any CPU
		{AAA63905-F7A3-45E8-9DC1-1060D08894D5}.Release|Any CPU.ActiveCfg = Release|Any CPU
		{AAA63905-F7A3-45E8-9DC1-1060D08894D5}.Release|Any CPU.Build.0 = Release|Any CPU
	EndGlobalSection
	GlobalSection(SolutionProperties) = preSolution
		HideSolutionNode = FALSE
	EndGlobalSection
	GlobalSection(ExtensibilityGlobals) = postSolution
		SolutionGuid = {C757B5F8-BABB-464A-9F79-4434E939FD08}
	EndGlobalSection
EndGlobal
